// !$*UTF8*$!
{
	archiveVersion = 1;
	classes = {
	};
	objectVersion = 50;
	objects = {

/* Begin PBXBuildFile section */
		E1D4ED8520EBD0000030EAB7 /* AppDelegate.swift in Sources */ = {isa = PBXBuildFile; fileRef = E1D4ED8420EBD0000030EAB7 /* AppDelegate.swift */; };
		E1D4ED8720EBD0000030EAB7 /* DummyViewController.swift in Sources */ = {isa = PBXBuildFile; fileRef = E1D4ED8620EBD0000030EAB7 /* DummyViewController.swift */; };
		E1D4ED8A20EBD0010030EAB7 /* Main.storyboard in Resources */ = {isa = PBXBuildFile; fileRef = E1D4ED8820EBD0010030EAB7 /* Main.storyboard */; };
		E1D4ED8C20EBD0050030EAB7 /* Assets.xcassets in Resources */ = {isa = PBXBuildFile; fileRef = E1D4ED8B20EBD0050030EAB7 /* Assets.xcassets */; };
		E1D4ED8F20EBD0050030EAB7 /* LaunchScreen.storyboard in Resources */ = {isa = PBXBuildFile; fileRef = E1D4ED8D20EBD0050030EAB7 /* LaunchScreen.storyboard */; };
		E1D4ED9E20EBD6E00030EAB7 /* DummyPresenter.swift in Sources */ = {isa = PBXBuildFile; fileRef = E1D4ED9D20EBD6DF0030EAB7 /* DummyPresenter.swift */; };
		E1D4EDA020EBD7010030EAB7 /* DummyInteractor.swift in Sources */ = {isa = PBXBuildFile; fileRef = E1D4ED9F20EBD7010030EAB7 /* DummyInteractor.swift */; };
		E1D4EDA220EBD7280030EAB7 /* DummyObject.swift in Sources */ = {isa = PBXBuildFile; fileRef = E1D4EDA120EBD7280030EAB7 /* DummyObject.swift */; };
		E1D4EDA620EBDD1D0030EAB7 /* RootContract.swift in Sources */ = {isa = PBXBuildFile; fileRef = E1D4EDA520EBDD1D0030EAB7 /* RootContract.swift */; };
		E1D4EDA820EBDD440030EAB7 /* RootRouter.swift in Sources */ = {isa = PBXBuildFile; fileRef = E1D4EDA720EBDD440030EAB7 /* RootRouter.swift */; };
		E1D4EDAA20EBDDD70030EAB7 /* DummyRouter.swift in Sources */ = {isa = PBXBuildFile; fileRef = E1D4EDA920EBDDD70030EAB7 /* DummyRouter.swift */; };
		E1D4EDAC20ED19210030EAB7 /* DummyContract.swift in Sources */ = {isa = PBXBuildFile; fileRef = E1D4EDAB20ED19210030EAB7 /* DummyContract.swift */; };
/* End PBXBuildFile section */

/* Begin PBXFileReference section */
		E1D4ED8120EBD0000030EAB7 /* Collapsible-Sections-TableView.app */ = {isa = PBXFileReference; explicitFileType = wrapper.application; includeInIndex = 0; path = "Collapsible-Sections-TableView.app"; sourceTree = BUILT_PRODUCTS_DIR; };
		E1D4ED8420EBD0000030EAB7 /* AppDelegate.swift */ = {isa = PBXFileReference; lastKnownFileType = sourcecode.swift; path = AppDelegate.swift; sourceTree = "<group>"; };
		E1D4ED8620EBD0000030EAB7 /* DummyViewController.swift */ = {isa = PBXFileReference; lastKnownFileType = sourcecode.swift; path = DummyViewController.swift; sourceTree = "<group>"; };
		E1D4ED8920EBD0010030EAB7 /* Base */ = {isa = PBXFileReference; lastKnownFileType = file.storyboard; name = Base; path = Base.lproj/Main.storyboard; sourceTree = "<group>"; };
		E1D4ED8B20EBD0050030EAB7 /* Assets.xcassets */ = {isa = PBXFileReference; lastKnownFileType = folder.assetcatalog; path = Assets.xcassets; sourceTree = "<group>"; };
		E1D4ED8E20EBD0050030EAB7 /* Base */ = {isa = PBXFileReference; lastKnownFileType = file.storyboard; name = Base; path = Base.lproj/LaunchScreen.storyboard; sourceTree = "<group>"; };
		E1D4ED9020EBD0050030EAB7 /* Info.plist */ = {isa = PBXFileReference; lastKnownFileType = text.plist.xml; path = Info.plist; sourceTree = "<group>"; };
		E1D4ED9D20EBD6DF0030EAB7 /* DummyPresenter.swift */ = {isa = PBXFileReference; lastKnownFileType = sourcecode.swift; path = DummyPresenter.swift; sourceTree = "<group>"; };
		E1D4ED9F20EBD7010030EAB7 /* DummyInteractor.swift */ = {isa = PBXFileReference; lastKnownFileType = sourcecode.swift; path = DummyInteractor.swift; sourceTree = "<group>"; };
		E1D4EDA120EBD7280030EAB7 /* DummyObject.swift */ = {isa = PBXFileReference; lastKnownFileType = sourcecode.swift; path = DummyObject.swift; sourceTree = "<group>"; };
		E1D4EDA520EBDD1D0030EAB7 /* RootContract.swift */ = {isa = PBXFileReference; lastKnownFileType = sourcecode.swift; path = RootContract.swift; sourceTree = "<group>"; };
		E1D4EDA720EBDD440030EAB7 /* RootRouter.swift */ = {isa = PBXFileReference; lastKnownFileType = sourcecode.swift; path = RootRouter.swift; sourceTree = "<group>"; };
		E1D4EDA920EBDDD70030EAB7 /* DummyRouter.swift */ = {isa = PBXFileReference; lastKnownFileType = sourcecode.swift; path = DummyRouter.swift; sourceTree = "<group>"; };
		E1D4EDAB20ED19210030EAB7 /* DummyContract.swift */ = {isa = PBXFileReference; lastKnownFileType = sourcecode.swift; path = DummyContract.swift; sourceTree = "<group>"; };
/* End PBXFileReference section */

/* Begin PBXFrameworksBuildPhase section */
		E1D4ED7E20EBD0000030EAB7 /* Frameworks */ = {
			isa = PBXFrameworksBuildPhase;
			buildActionMask = 2147483647;
			files = (
			);
			runOnlyForDeploymentPostprocessing = 0;
		};
/* End PBXFrameworksBuildPhase section */

/* Begin PBXGroup section */
		E1D4ED7820EBD0000030EAB7 = {
			isa = PBXGroup;
			children = (
				E1D4ED8320EBD0000030EAB7 /* Collapsible-Sections-TableView */,
				E1D4ED8220EBD0000030EAB7 /* Products */,
			);
			sourceTree = "<group>";
		};
		E1D4ED8220EBD0000030EAB7 /* Products */ = {
			isa = PBXGroup;
			children = (
				E1D4ED8120EBD0000030EAB7 /* Collapsible-Sections-TableView.app */,
			);
			name = Products;
			sourceTree = "<group>";
		};
		E1D4ED8320EBD0000030EAB7 /* Collapsible-Sections-TableView */ = {
			isa = PBXGroup;
			children = (
				E1D4EDAD20ED19290030EAB7 /* Contracts */,
				E1D4ED9A20EBD6350030EAB7 /* Routers */,
				E1D4ED9920EBD6280030EAB7 /* Entities */,
				E1D4ED9820EBD6120030EAB7 /* Interactors */,
				E1D4ED9720EBD6040030EAB7 /* Presenters */,
				E1D4ED9620EBD5C70030EAB7 /* Views */,
				E1D4ED9020EBD0050030EAB7 /* Info.plist */,
				E1D4ED9C20EBD68B0030EAB7 /* Others */,
			);
			path = "Collapsible-Sections-TableView";
			sourceTree = "<group>";
		};
		E1D4ED9620EBD5C70030EAB7 /* Views */ = {
			isa = PBXGroup;
			children = (
				E1D4ED8820EBD0010030EAB7 /* Main.storyboard */,
				E1D4ED8620EBD0000030EAB7 /* DummyViewController.swift */,
			);
			path = Views;
			sourceTree = "<group>";
		};
		E1D4ED9720EBD6040030EAB7 /* Presenters */ = {
			isa = PBXGroup;
			children = (
				E1D4ED9D20EBD6DF0030EAB7 /* DummyPresenter.swift */,
			);
			path = Presenters;
			sourceTree = "<group>";
		};
		E1D4ED9820EBD6120030EAB7 /* Interactors */ = {
			isa = PBXGroup;
			children = (
				E1D4ED9F20EBD7010030EAB7 /* DummyInteractor.swift */,
			);
			path = Interactors;
			sourceTree = "<group>";
		};
		E1D4ED9920EBD6280030EAB7 /* Entities */ = {
			isa = PBXGroup;
			children = (
				E1D4EDA120EBD7280030EAB7 /* DummyObject.swift */,
			);
			path = Entities;
			sourceTree = "<group>";
		};
		E1D4ED9A20EBD6350030EAB7 /* Routers */ = {
			isa = PBXGroup;
			children = (
				E1D4EDA520EBDD1D0030EAB7 /* RootContract.swift */,
				E1D4EDA720EBDD440030EAB7 /* RootRouter.swift */,
				E1D4EDA920EBDDD70030EAB7 /* DummyRouter.swift */,
			);
			path = Routers;
			sourceTree = "<group>";
		};
		E1D4ED9C20EBD68B0030EAB7 /* Others */ = {
			isa = PBXGroup;
			children = (
				E1D4ED8420EBD0000030EAB7 /* AppDelegate.swift */,
				E1D4ED8B20EBD0050030EAB7 /* Assets.xcassets */,
				E1D4ED8D20EBD0050030EAB7 /* LaunchScreen.storyboard */,
			);
			path = Others;
			sourceTree = "<group>";
		};
		E1D4EDAD20ED19290030EAB7 /* Contracts */ = {
			isa = PBXGroup;
			children = (
				E1D4EDAB20ED19210030EAB7 /* DummyContract.swift */,
			);
			name = Contracts;
			path = "New Group";
			sourceTree = "<group>";
		};
/* End PBXGroup section */

/* Begin PBXNativeTarget section */
		E1D4ED8020EBD0000030EAB7 /* Collapsible-Sections-TableView */ = {
			isa = PBXNativeTarget;
			buildConfigurationList = E1D4ED9320EBD0050030EAB7 /* Build configuration list for PBXNativeTarget "Collapsible-Sections-TableView" */;
			buildPhases = (
				E1D4ED7D20EBD0000030EAB7 /* Sources */,
				E1D4ED7E20EBD0000030EAB7 /* Frameworks */,
				E1D4ED7F20EBD0000030EAB7 /* Resources */,
			);
			buildRules = (
			);
			dependencies = (
			);
			name = "Collapsible-Sections-TableView";
			productName = "Collapsible-Sections-TableView";
			productReference = E1D4ED8120EBD0000030EAB7 /* Collapsible-Sections-TableView.app */;
			productType = "com.apple.product-type.application";
		};
/* End PBXNativeTarget section */

/* Begin PBXProject section */
		E1D4ED7920EBD0000030EAB7 /* Project object */ = {
			isa = PBXProject;
			attributes = {
				LastSwiftUpdateCheck = 0940;
				LastUpgradeCheck = 0940;
				ORGANIZATIONNAME = Takumi;
				TargetAttributes = {
					E1D4ED8020EBD0000030EAB7 = {
						CreatedOnToolsVersion = 9.4.1;
					};
				};
			};
			buildConfigurationList = E1D4ED7C20EBD0000030EAB7 /* Build configuration list for PBXProject "Collapsible-Sections-TableView" */;
			compatibilityVersion = "Xcode 9.3";
			developmentRegion = en;
			hasScannedForEncodings = 0;
			knownRegions = (
				en,
				Base,
			);
			mainGroup = E1D4ED7820EBD0000030EAB7;
			productRefGroup = E1D4ED8220EBD0000030EAB7 /* Products */;
			projectDirPath = "";
			projectRoot = "";
			targets = (
				E1D4ED8020EBD0000030EAB7 /* Collapsible-Sections-TableView */,
			);
		};
/* End PBXProject section */

/* Begin PBXResourcesBuildPhase section */
		E1D4ED7F20EBD0000030EAB7 /* Resources */ = {
			isa = PBXResourcesBuildPhase;
			buildActionMask = 2147483647;
			files = (
				E1D4ED8F20EBD0050030EAB7 /* LaunchScreen.storyboard in Resources */,
				E1D4ED8C20EBD0050030EAB7 /* Assets.xcassets in Resources */,
				E1D4ED8A20EBD0010030EAB7 /* Main.storyboard in Resources */,
			);
			runOnlyForDeploymentPostprocessing = 0;
		};
/* End PBXResourcesBuildPhase section */

/* Begin PBXSourcesBuildPhase section */
		E1D4ED7D20EBD0000030EAB7 /* Sources */ = {
			isa = PBXSourcesBuildPhase;
			buildActionMask = 2147483647;
			files = (
				E1D4EDAC20ED19210030EAB7 /* DummyContract.swift in Sources */,
				E1D4EDA820EBDD440030EAB7 /* RootRouter.swift in Sources */,
				E1D4ED8720EBD0000030EAB7 /* DummyViewController.swift in Sources */,
				E1D4ED9E20EBD6E00030EAB7 /* DummyPresenter.swift in Sources */,
				E1D4EDA220EBD7280030EAB7 /* DummyObject.swift in Sources */,
				E1D4ED8520EBD0000030EAB7 /* AppDelegate.swift in Sources */,
				E1D4EDA620EBDD1D0030EAB7 /* RootContract.swift in Sources */,
				E1D4EDAA20EBDDD70030EAB7 /* DummyRouter.swift in Sources */,
				E1D4EDA020EBD7010030EAB7 /* DummyInteractor.swift in Sources */,
			);
			runOnlyForDeploymentPostprocessing = 0;
		};
/* End PBXSourcesBuildPhase section */

/* Begin PBXVariantGroup section */
		E1D4ED8820EBD0010030EAB7 /* Main.storyboard */ = {
			isa = PBXVariantGroup;
			children = (
				E1D4ED8920EBD0010030EAB7 /* Base */,
			);
			name = Main.storyboard;
			sourceTree = "<group>";
		};
		E1D4ED8D20EBD0050030EAB7 /* LaunchScreen.storyboard */ = {
			isa = PBXVariantGroup;
			children = (
				E1D4ED8E20EBD0050030EAB7 /* Base */,
			);
			name = LaunchScreen.storyboard;
			sourceTree = "<group>";
		};
/* End PBXVariantGroup section */

/* Begin XCBuildConfiguration section */
		E1D4ED9120EBD0050030EAB7 /* Debug */ = {
			isa = XCBuildConfiguration;
			buildSettings = {
				ALWAYS_SEARCH_USER_PATHS = NO;
				CLANG_ANALYZER_NONNULL = YES;
				CLANG_ANALYZER_NUMBER_OBJECT_CONVERSION = YES_AGGRESSIVE;
				CLANG_CXX_LANGUAGE_STANDARD = "gnu++14";
				CLANG_CXX_LIBRARY = "libc++";
				CLANG_ENABLE_MODULES = YES;
				CLANG_ENABLE_OBJC_ARC = YES;
				CLANG_ENABLE_OBJC_WEAK = YES;
				CLANG_WARN_BLOCK_CAPTURE_AUTORELEASING = YES;
				CLANG_WARN_BOOL_CONVERSION = YES;
				CLANG_WARN_COMMA = YES;
				CLANG_WARN_CONSTANT_CONVERSION = YES;
				CLANG_WARN_DEPRECATED_OBJC_IMPLEMENTATIONS = YES;
				CLANG_WARN_DIRECT_OBJC_ISA_USAGE = YES_ERROR;
				CLANG_WARN_DOCUMENTATION_COMMENTS = YES;
				CLANG_WARN_EMPTY_BODY = YES;
				CLANG_WARN_ENUM_CONVERSION = YES;
				CLANG_WARN_INFINITE_RECURSION = YES;
				CLANG_WARN_INT_CONVERSION = YES;
				CLANG_WARN_NON_LITERAL_NULL_CONVERSION = YES;
				CLANG_WARN_OBJC_IMPLICIT_RETAIN_SELF = YES;
				CLANG_WARN_OBJC_LITERAL_CONVERSION = YES;
				CLANG_WARN_OBJC_ROOT_CLASS = YES_ERROR;
				CLANG_WARN_RANGE_LOOP_ANALYSIS = YES;
				CLANG_WARN_STRICT_PROTOTYPES = YES;
				CLANG_WARN_SUSPICIOUS_MOVE = YES;
				CLANG_WARN_UNGUARDED_AVAILABILITY = YES_AGGRESSIVE;
				CLANG_WARN_UNREACHABLE_CODE = YES;
				CLANG_WARN__DUPLICATE_METHOD_MATCH = YES;
				CODE_SIGN_IDENTITY = "iPhone Developer";
				COPY_PHASE_STRIP = NO;
				DEBUG_INFORMATION_FORMAT = dwarf;
				ENABLE_STRICT_OBJC_MSGSEND = YES;
				ENABLE_TESTABILITY = YES;
				GCC_C_LANGUAGE_STANDARD = gnu11;
				GCC_DYNAMIC_NO_PIC = NO;
				GCC_NO_COMMON_BLOCKS = YES;
				GCC_OPTIMIZATION_LEVEL = 0;
				GCC_PREPROCESSOR_DEFINITIONS = (
					"DEBUG=1",
					"$(inherited)",
				);
				GCC_WARN_64_TO_32_BIT_CONVERSION = YES;
				GCC_WARN_ABOUT_RETURN_TYPE = YES_ERROR;
				GCC_WARN_UNDECLARED_SELECTOR = YES;
				GCC_WARN_UNINITIALIZED_AUTOS = YES_AGGRESSIVE;
				GCC_WARN_UNUSED_FUNCTION = YES;
				GCC_WARN_UNUSED_VARIABLE = YES;
				IPHONEOS_DEPLOYMENT_TARGET = 9.0;
				MTL_ENABLE_DEBUG_INFO = YES;
				ONLY_ACTIVE_ARCH = YES;
				SDKROOT = iphoneos;
				SWIFT_ACTIVE_COMPILATION_CONDITIONS = DEBUG;
				SWIFT_OPTIMIZATION_LEVEL = "-Onone";
			};
			name = Debug;
		};
		E1D4ED9220EBD0050030EAB7 /* Release */ = {
			isa = XCBuildConfiguration;
			buildSettings = {
				ALWAYS_SEARCH_USER_PATHS = NO;
				CLANG_ANALYZER_NONNULL = YES;
				CLANG_ANALYZER_NUMBER_OBJECT_CONVERSION = YES_AGGRESSIVE;
				CLANG_CXX_LANGUAGE_STANDARD = "gnu++14";
				CLANG_CXX_LIBRARY = "libc++";
				CLANG_ENABLE_MODULES = YES;
				CLANG_ENABLE_OBJC_ARC = YES;
				CLANG_ENABLE_OBJC_WEAK = YES;
				CLANG_WARN_BLOCK_CAPTURE_AUTORELEASING = YES;
				CLANG_WARN_BOOL_CONVERSION = YES;
				CLANG_WARN_COMMA = YES;
				CLANG_WARN_CONSTANT_CONVERSION = YES;
				CLANG_WARN_DEPRECATED_OBJC_IMPLEMENTATIONS = YES;
				CLANG_WARN_DIRECT_OBJC_ISA_USAGE = YES_ERROR;
				CLANG_WARN_DOCUMENTATION_COMMENTS = YES;
				CLANG_WARN_EMPTY_BODY = YES;
				CLANG_WARN_ENUM_CONVERSION = YES;
				CLANG_WARN_INFINITE_RECURSION = YES;
				CLANG_WARN_INT_CONVERSION = YES;
				CLANG_WARN_NON_LITERAL_NULL_CONVERSION = YES;
				CLANG_WARN_OBJC_IMPLICIT_RETAIN_SELF = YES;
				CLANG_WARN_OBJC_LITERAL_CONVERSION = YES;
				CLANG_WARN_OBJC_ROOT_CLASS = YES_ERROR;
				CLANG_WARN_RANGE_LOOP_ANALYSIS = YES;
				CLANG_WARN_STRICT_PROTOTYPES = YES;
				CLANG_WARN_SUSPICIOUS_MOVE = YES;
				CLANG_WARN_UNGUARDED_AVAILABILITY = YES_AGGRESSIVE;
				CLANG_WARN_UNREACHABLE_CODE = YES;
				CLANG_WARN__DUPLICATE_METHOD_MATCH = YES;
				CODE_SIGN_IDENTITY = "iPhone Developer";
				COPY_PHASE_STRIP = NO;
				DEBUG_INFORMATION_FORMAT = "dwarf-with-dsym";
				ENABLE_NS_ASSERTIONS = NO;
				ENABLE_STRICT_OBJC_MSGSEND = YES;
				GCC_C_LANGUAGE_STANDARD = gnu11;
				GCC_NO_COMMON_BLOCKS = YES;
				GCC_WARN_64_TO_32_BIT_CONVERSION = YES;
				GCC_WARN_ABOUT_RETURN_TYPE = YES_ERROR;
				GCC_WARN_UNDECLARED_SELECTOR = YES;
				GCC_WARN_UNINITIALIZED_AUTOS = YES_AGGRESSIVE;
				GCC_WARN_UNUSED_FUNCTION = YES;
				GCC_WARN_UNUSED_VARIABLE = YES;
				IPHONEOS_DEPLOYMENT_TARGET = 9.0;
				MTL_ENABLE_DEBUG_INFO = NO;
				SDKROOT = iphoneos;
				SWIFT_COMPILATION_MODE = wholemodule;
				SWIFT_OPTIMIZATION_LEVEL = "-O";
				VALIDATE_PRODUCT = YES;
			};
			name = Release;
		};
		E1D4ED9420EBD0050030EAB7 /* Debug */ = {
			isa = XCBuildConfiguration;
			buildSettings = {
				ASSETCATALOG_COMPILER_APPICON_NAME = AppIcon;
				CODE_SIGN_IDENTITY = "iPhone Developer";
				CODE_SIGN_STYLE = Automatic;
				DEVELOPMENT_TEAM = 9D8UR7H9D4;
				INFOPLIST_FILE = "Collapsible-Sections-TableView/Info.plist";
				IPHONEOS_DEPLOYMENT_TARGET = 9.0;
				LD_RUNPATH_SEARCH_PATHS = (
					"$(inherited)",
					"@executable_path/Frameworks",
				);
				PRODUCT_BUNDLE_IDENTIFIER = "jp.takumi.Collapsible-Sections-TableView";
				PRODUCT_NAME = "$(TARGET_NAME)";
				PROVISIONING_PROFILE_SPECIFIER = "";
				SWIFT_VERSION = 4.0;
				TARGETED_DEVICE_FAMILY = 1;
			};
			name = Debug;
		};
		E1D4ED9520EBD0050030EAB7 /* Release */ = {
			isa = XCBuildConfiguration;
			buildSettings = {
				ASSETCATALOG_COMPILER_APPICON_NAME = AppIcon;
				CODE_SIGN_IDENTITY = "iPhone Developer";
				CODE_SIGN_STYLE = Automatic;
				DEVELOPMENT_TEAM = 9D8UR7H9D4;
				INFOPLIST_FILE = "Collapsible-Sections-TableView/Info.plist";
				IPHONEOS_DEPLOYMENT_TARGET = 9.0;
				LD_RUNPATH_SEARCH_PATHS = (
					"$(inherited)",
					"@executable_path/Frameworks",
				);
				PRODUCT_BUNDLE_IDENTIFIER = "jp.takumi.Collapsible-Sections-TableView";
				PRODUCT_NAME = "$(TARGET_NAME)";
				PROVISIONING_PROFILE_SPECIFIER = "";
				SWIFT_VERSION = 4.0;
				TARGETED_DEVICE_FAMILY = 1;
			};
			name = Release;
		};
/* End XCBuildConfiguration section */

/* Begin XCConfigurationList section */
		E1D4ED7C20EBD0000030EAB7 /* Build configuration list for PBXProject "Collapsible-Sections-TableView" */ = {
			isa = XCConfigurationList;
			buildConfigurations = (
				E1D4ED9120EBD0050030EAB7 /* Debug */,
				E1D4ED9220EBD0050030EAB7 /* Release */,
			);
			defaultConfigurationIsVisible = 0;
			defaultConfigurationName = Release;
		};
		E1D4ED9320EBD0050030EAB7 /* Build configuration list for PBXNativeTarget "Collapsible-Sections-TableView" */ = {
			isa = XCConfigurationList;
			buildConfigurations = (
				E1D4ED9420EBD0050030EAB7 /* Debug */,
				E1D4ED9520EBD0050030EAB7 /* Release */,
			);
			defaultConfigurationIsVisible = 0;
			defaultConfigurationName = Release;
		};
/* End XCConfigurationList section */
	};
	rootObject = E1D4ED7920EBD0000030EAB7 /* Project object */;
}
